
Microsoft Visual Studio Solution File, Format Version 12.00
# Visual Studio Version 17
VisualStudioVersion = 17.4.33122.133
MinimumVisualStudioVersion = 10.0.40219.1
Project("{FAE04EC0-301F-11D3-BF4B-00C04F79EFBC}") = "Tutorial1", "Tutorial1.csproj", "{02C54B95-75AD-4655-9535-4211CBF23023}"
EndProject
Global
	GlobalSection(SolutionConfigurationPlatforms) = preSolution
		Debug|Any CPU = Debug|Any CPU
		Release|Any CPU = Release|Any CPU
	EndGlobalSection
	GlobalSection(ProjectConfigurationPlatforms) = postSolution
		{02C54B95-75AD-4655-9535-4211CBF23023}.Debug|Any CPU.ActiveCfg = Debug|Any CPU
		{02C54B95-75AD-4655-9535-4211CBF23023}.Debug|Any CPU.Build.0 = Debug|Any CPU
		{02C54B95-75AD-4655-9535-4211CBF23023}.Release|Any CPU.ActiveCfg = Release|Any CPU
		{02C54B95-75AD-4655-9535-4211CBF23023}.Release|Any CPU.Build.0 = Release|Any CPU
	EndGlobalSection
	GlobalSection(SolutionProperties) = preSolution
		HideSolutionNode = FALSE
	EndGlobalSection
	GlobalSection(ExtensibilityGlobals) = postSolution
		SolutionGuid = {566E0D55-3510-4095-91B1-ECE2BD684485}
	EndGlobalSection
EndGlobal
